PODS:
  - GeoMagnetism (0.1.1)
  - Nimble (7.3.1)
  - Quick (1.3.2)

DEPENDENCIES:
  - GeoMagnetism (from `../`)
  - Nimble (~> 7.3.1)
  - Quick (~> 1.3.2)

SPEC REPOS:
  https://github.com/cocoapods/specs.git:
    - Nimble
    - Quick

EXTERNAL SOURCES:
  GeoMagnetism:
    :path: "../"

SPEC CHECKSUMS:
  GeoMagnetism: 475f8f74b6735fb94f35811e542e1148304db980
  Nimble: 04f732da099ea4d153122aec8c2a88fd0c7219ae
  Quick: 2623cb30d7a7f41ca62f684f679586558f483d46

PODFILE CHECKSUM: 5376a19a8afcaba0c3bb00d820f7b7abc16f4ffc

COCOAPODS: 1.5.3
